
Microsoft Visual Studio Solution File, Format Version 12.00
# Visual Studio Version 16
VisualStudioVersion = 16.0.29215.179
MinimumVisualStudioVersion = 10.0.40219.1
Project("{FAE04EC0-301F-11D3-BF4B-00C04F79EFBC}") = "PracticaIps", "PracticaIps\PracticaIps.csproj", "{0310FA58-0168-4FE0-83E1-6091E93BC74A}"
EndProject
Project("{FAE04EC0-301F-11D3-BF4B-00C04F79EFBC}") = "BLL", "BLL\BLL.csproj", "{8DC4F146-ED7A-4378-BEB9-2A211B84592B}"
EndProject
Project("{FAE04EC0-301F-11D3-BF4B-00C04F79EFBC}") = "Entity", "Entity\Entity.csproj", "{D7D76F14-AD45-4934-B33D-E50EC76B9EDD}"
EndProject
Project("{FAE04EC0-301F-11D3-BF4B-00C04F79EFBC}") = "DAL", "DAL\DAL.csproj", "{6FD79D4E-43E2-4C55-9744-23AFE7D6FC1A}"
EndProject
Global
	GlobalSection(SolutionConfigurationPlatforms) = preSolution
		Debug|Any CPU = Debug|Any CPU
		Release|Any CPU = Release|Any CPU
	EndGlobalSection
	GlobalSection(ProjectConfigurationPlatforms) = postSolution
		{0310FA58-0168-4FE0-83E1-6091E93BC74A}.Debug|Any CPU.ActiveCfg = Debug|Any CPU
		{0310FA58-0168-4FE0-83E1-6091E93BC74A}.Debug|Any CPU.Build.0 = Debug|Any CPU
		{0310FA58-0168-4FE0-83E1-6091E93BC74A}.Release|Any CPU.ActiveCfg = Release|Any CPU
		{0310FA58-0168-4FE0-83E1-6091E93BC74A}.Release|Any CPU.Build.0 = Release|Any CPU
		{8DC4F146-ED7A-4378-BEB9-2A211B84592B}.Debug|Any CPU.ActiveCfg = Debug|Any CPU
		{8DC4F146-ED7A-4378-BEB9-2A211B84592B}.Debug|Any CPU.Build.0 = Debug|Any CPU
		{8DC4F146-ED7A-4378-BEB9-2A211B84592B}.Release|Any CPU.ActiveCfg = Release|Any CPU
		{8DC4F146-ED7A-4378-BEB9-2A211B84592B}.Release|Any CPU.Build.0 = Release|Any CPU
		{D7D76F14-AD45-4934-B33D-E50EC76B9EDD}.Debug|Any CPU.ActiveCfg = Debug|Any CPU
		{D7D76F14-AD45-4934-B33D-E50EC76B9EDD}.Debug|Any CPU.Build.0 = Debug|Any CPU
		{D7D76F14-AD45-4934-B33D-E50EC76B9EDD}.Release|Any CPU.ActiveCfg = Release|Any CPU
		{D7D76F14-AD45-4934-B33D-E50EC76B9EDD}.Release|Any CPU.Build.0 = Release|Any CPU
		{6FD79D4E-43E2-4C55-9744-23AFE7D6FC1A}.Debug|Any CPU.ActiveCfg = Debug|Any CPU
		{6FD79D4E-43E2-4C55-9744-23AFE7D6FC1A}.Debug|Any CPU.Build.0 = Debug|Any CPU
		{6FD79D4E-43E2-4C55-9744-23AFE7D6FC1A}.Release|Any CPU.ActiveCfg = Release|Any CPU
		{6FD79D4E-43E2-4C55-9744-23AFE7D6FC1A}.Release|Any CPU.Build.0 = Release|Any CPU
	EndGlobalSection
	GlobalSection(SolutionProperties) = preSolution
		HideSolutionNode = FALSE
	EndGlobalSection
	GlobalSection(ExtensibilityGlobals) = postSolution
		SolutionGuid = {84ADC9B0-7D2E-4C69-9163-0CFE525D245F}
	EndGlobalSection
EndGlobal
